// !$*UTF8*$!
{
	archiveVersion = 1;
	classes = {
	};
	objectVersion = 46;
	objects = {

/* Begin PBXBuildFile section */
		777F170A1D84571100E8DE73 /* HKScratchView.m in Sources */ = {isa = PBXBuildFile; fileRef = 777F17051D84571100E8DE73 /* HKScratchView.m */; };
		777F170B1D84571100E8DE73 /* ShowImageViewController.m in Sources */ = {isa = PBXBuildFile; fileRef = 777F17071D84571100E8DE73 /* ShowImageViewController.m */; };
		777F170C1D84571100E8DE73 /* ViewController.m in Sources */ = {isa = PBXBuildFile; fileRef = 777F17091D84571100E8DE73 /* ViewController.m */; };
		77E8F9591D74364600B2A7C7 /* main.m in Sources */ = {isa = PBXBuildFile; fileRef = 77E8F9581D74364600B2A7C7 /* main.m */; };
		77E8F95C1D74364600B2A7C7 /* AppDelegate.m in Sources */ = {isa = PBXBuildFile; fileRef = 77E8F95B1D74364600B2A7C7 /* AppDelegate.m */; };
		77E8F9621D74364600B2A7C7 /* Main.storyboard in Resources */ = {isa = PBXBuildFile; fileRef = 77E8F9601D74364600B2A7C7 /* Main.storyboard */; };
		77E8F9641D74364600B2A7C7 /* Assets.xcassets in Resources */ = {isa = PBXBuildFile; fileRef = 77E8F9631D74364600B2A7C7 /* Assets.xcassets */; };
		77E8F9671D74364600B2A7C7 /* LaunchScreen.storyboard in Resources */ = {isa = PBXBuildFile; fileRef = 77E8F9651D74364600B2A7C7 /* LaunchScreen.storyboard */; };
		77E8F9721D74364600B2A7C7 /* HKScratchImageDemoTests.m in Sources */ = {isa = PBXBuildFile; fileRef = 77E8F9711D74364600B2A7C7 /* HKScratchImageDemoTests.m */; };
/* End PBXBuildFile section */

/* Begin PBXContainerItemProxy section */
		77E8F96E1D74364600B2A7C7 /* PBXContainerItemProxy */ = {
			isa = PBXContainerItemProxy;
			containerPortal = 77E8F94C1D74364600B2A7C7 /* Project object */;
			proxyType = 1;
			remoteGlobalIDString = 77E8F9531D74364600B2A7C7;
			remoteInfo = HKScratchImageDemo;
		};
/* End PBXContainerItemProxy section */

/* Begin PBXFileReference section */
		777F17041D84571100E8DE73 /* HKScratchView.h */ = {isa = PBXFileReference; fileEncoding = 4; lastKnownFileType = sourcecode.c.h; path = HKScratchView.h; sourceTree = "<group>"; };
		777F17051D84571100E8DE73 /* HKScratchView.m */ = {isa = PBXFileReference; fileEncoding = 4; lastKnownFileType = sourcecode.c.objc; path = HKScratchView.m; sourceTree = "<group>"; };
		777F17061D84571100E8DE73 /* ShowImageViewController.h */ = {isa = PBXFileReference; fileEncoding = 4; lastKnownFileType = sourcecode.c.h; path = ShowImageViewController.h; sourceTree = "<group>"; };
		777F17071D84571100E8DE73 /* ShowImageViewController.m */ = {isa = PBXFileReference; fileEncoding = 4; lastKnownFileType = sourcecode.c.objc; path = ShowImageViewController.m; sourceTree = "<group>"; };
		777F17081D84571100E8DE73 /* ViewController.h */ = {isa = PBXFileReference; fileEncoding = 4; lastKnownFileType = sourcecode.c.h; path = ViewController.h; sourceTree = "<group>"; };
		777F17091D84571100E8DE73 /* ViewController.m */ = {isa = PBXFileReference; fileEncoding = 4; lastKnownFileType = sourcecode.c.objc; path = ViewController.m; sourceTree = "<group>"; };
		77E8F9541D74364600B2A7C7 /* HKScratchImageDemo.app */ = {isa = PBXFileReference; explicitFileType = wrapper.application; includeInIndex = 0; path = HKScratchImageDemo.app; sourceTree = BUILT_PRODUCTS_DIR; };
		77E8F9581D74364600B2A7C7 /* main.m */ = {isa = PBXFileReference; lastKnownFileType = sourcecode.c.objc; path = main.m; sourceTree = "<group>"; };
		77E8F95A1D74364600B2A7C7 /* AppDelegate.h */ = {isa = PBXFileReference; lastKnownFileType = sourcecode.c.h; path = AppDelegate.h; sourceTree = "<group>"; };
		77E8F95B1D74364600B2A7C7 /* AppDelegate.m */ = {isa = PBXFileReference; lastKnownFileType = sourcecode.c.objc; path = AppDelegate.m; sourceTree = "<group>"; };
		77E8F9611D74364600B2A7C7 /* Base */ = {isa = PBXFileReference; lastKnownFileType = file.storyboard; name = Base; path = Base.lproj/Main.storyboard; sourceTree = "<group>"; };
		77E8F9631D74364600B2A7C7 /* Assets.xcassets */ = {isa = PBXFileReference; lastKnownFileType = folder.assetcatalog; path = Assets.xcassets; sourceTree = "<group>"; };
		77E8F9661D74364600B2A7C7 /* Base */ = {isa = PBXFileReference; lastKnownFileType = file.storyboard; name = Base; path = Base.lproj/LaunchScreen.storyboard; sourceTree = "<group>"; };
		77E8F9681D74364600B2A7C7 /* Info.plist */ = {isa = PBXFileReference; lastKnownFileType = text.plist.xml; path = Info.plist; sourceTree = "<group>"; };
		77E8F96D1D74364600B2A7C7 /* HKScratchImageDemoTests.xctest */ = {isa = PBXFileReference; explicitFileType = wrapper.cfbundle; includeInIndex = 0; path = HKScratchImageDemoTests.xctest; sourceTree = BUILT_PRODUCTS_DIR; };
		77E8F9711D74364600B2A7C7 /* HKScratchImageDemoTests.m */ = {isa = PBXFileReference; lastKnownFileType = sourcecode.c.objc; path = HKScratchImageDemoTests.m; sourceTree = "<group>"; };
		77E8F9731D74364600B2A7C7 /* Info.plist */ = {isa = PBXFileReference; lastKnownFileType = text.plist.xml; path = Info.plist; sourceTree = "<group>"; };
/* End PBXFileReference section */

/* Begin PBXFrameworksBuildPhase section */
		77E8F9511D74364600B2A7C7 /* Frameworks */ = {
			isa = PBXFrameworksBuildPhase;
			buildActionMask = 2147483647;
			files = (
			);
			runOnlyForDeploymentPostprocessing = 0;
		};
		77E8F96A1D74364600B2A7C7 /* Frameworks */ = {
			isa = PBXFrameworksBuildPhase;
			buildActionMask = 2147483647;
			files = (
			);
			runOnlyForDeploymentPostprocessing = 0;
		};
/* End PBXFrameworksBuildPhase section */

/* Begin PBXGroup section */
		777F17021D84571100E8DE73 /* Controller */ = {
			isa = PBXGroup;
			children = (
				777F17031D84571100E8DE73 /* HKScratchView */,
				777F17061D84571100E8DE73 /* ShowImageViewController.h */,
				777F17071D84571100E8DE73 /* ShowImageViewController.m */,
				777F17081D84571100E8DE73 /* ViewController.h */,
				777F17091D84571100E8DE73 /* ViewController.m */,
			);
			path = Controller;
			sourceTree = "<group>";
		};
		777F17031D84571100E8DE73 /* HKScratchView */ = {
			isa = PBXGroup;
			children = (
				777F17041D84571100E8DE73 /* HKScratchView.h */,
				777F17051D84571100E8DE73 /* HKScratchView.m */,
			);
			path = HKScratchView;
			sourceTree = "<group>";
		};
		77E8F94B1D74364600B2A7C7 = {
			isa = PBXGroup;
			children = (
				77E8F9561D74364600B2A7C7 /* HKScratchImageDemo */,
				77E8F9701D74364600B2A7C7 /* HKScratchImageDemoTests */,
				77E8F9551D74364600B2A7C7 /* Products */,
			);
			sourceTree = "<group>";
		};
		77E8F9551D74364600B2A7C7 /* Products */ = {
			isa = PBXGroup;
			children = (
				77E8F9541D74364600B2A7C7 /* HKScratchImageDemo.app */,
				77E8F96D1D74364600B2A7C7 /* HKScratchImageDemoTests.xctest */,
			);
			name = Products;
			sourceTree = "<group>";
		};
		77E8F9561D74364600B2A7C7 /* HKScratchImageDemo */ = {
			isa = PBXGroup;
			children = (
				777F17021D84571100E8DE73 /* Controller */,
				77E8F9601D74364600B2A7C7 /* Main.storyboard */,
				77E8F9571D74364600B2A7C7 /* Supporting Files */,
			);
			path = HKScratchImageDemo;
			sourceTree = "<group>";
		};
		77E8F9571D74364600B2A7C7 /* Supporting Files */ = {
			isa = PBXGroup;
			children = (
				77E8F9631D74364600B2A7C7 /* Assets.xcassets */,
				77E8F9651D74364600B2A7C7 /* LaunchScreen.storyboard */,
				77E8F9681D74364600B2A7C7 /* Info.plist */,
				77E8F95A1D74364600B2A7C7 /* AppDelegate.h */,
				77E8F95B1D74364600B2A7C7 /* AppDelegate.m */,
				77E8F9581D74364600B2A7C7 /* main.m */,
			);
			name = "Supporting Files";
			sourceTree = "<group>";
		};
		77E8F9701D74364600B2A7C7 /* HKScratchImageDemoTests */ = {
			isa = PBXGroup;
			children = (
				77E8F9711D74364600B2A7C7 /* HKScratchImageDemoTests.m */,
				77E8F9731D74364600B2A7C7 /* Info.plist */,
			);
			path = HKScratchImageDemoTests;
			sourceTree = "<group>";
		};
/* End PBXGroup section */

/* Begin PBXNativeTarget section */
		77E8F9531D74364600B2A7C7 /* HKScratchImageDemo */ = {
			isa = PBXNativeTarget;
			buildConfigurationList = 77E8F9761D74364600B2A7C7 /* Build configuration list for PBXNativeTarget "HKScratchImageDemo" */;
			buildPhases = (
				77E8F9501D74364600B2A7C7 /* Sources */,
				77E8F9511D74364600B2A7C7 /* Frameworks */,
				77E8F9521D74364600B2A7C7 /* Resources */,
			);
			buildRules = (
			);
			dependencies = (
			);
			name = HKScratchImageDemo;
			productName = HKScratchImageDemo;
			productReference = 77E8F9541D74364600B2A7C7 /* HKScratchImageDemo.app */;
			productType = "com.apple.product-type.application";
		};
		77E8F96C1D74364600B2A7C7 /* HKScratchImageDemoTests */ = {
			isa = PBXNativeTarget;
			buildConfigurationList = 77E8F9791D74364600B2A7C7 /* Build configuration list for PBXNativeTarget "HKScratchImageDemoTests" */;
			buildPhases = (
				77E8F9691D74364600B2A7C7 /* Sources */,
				77E8F96A1D74364600B2A7C7 /* Frameworks */,
				77E8F96B1D74364600B2A7C7 /* Resources */,
			);
			buildRules = (
			);
			dependencies = (
				77E8F96F1D74364600B2A7C7 /* PBXTargetDependency */,
			);
			name = HKScratchImageDemoTests;
			productName = HKScratchImageDemoTests;
			productReference = 77E8F96D1D74364600B2A7C7 /* HKScratchImageDemoTests.xctest */;
			productType = "com.apple.product-type.bundle.unit-test";
		};
/* End PBXNativeTarget section */

/* Begin PBXProject section */
		77E8F94C1D74364600B2A7C7 /* Project object */ = {
			isa = PBXProject;
			attributes = {
				LastUpgradeCheck = 0730;
				ORGANIZATIONNAME = HKY;
				TargetAttributes = {
					77E8F9531D74364600B2A7C7 = {
						CreatedOnToolsVersion = 7.3.1;
					};
					77E8F96C1D74364600B2A7C7 = {
						CreatedOnToolsVersion = 7.3.1;
						TestTargetID = 77E8F9531D74364600B2A7C7;
					};
				};
			};
			buildConfigurationList = 77E8F94F1D74364600B2A7C7 /* Build configuration list for PBXProject "HKScratchImageDemo" */;
			compatibilityVersion = "Xcode 3.2";
			developmentRegion = English;
			hasScannedForEncodings = 0;
			knownRegions = (
				en,
				Base,
			);
			mainGroup = 77E8F94B1D74364600B2A7C7;
			productRefGroup = 77E8F9551D74364600B2A7C7 /* Products */;
			projectDirPath = "";
			projectRoot = "";
			targets = (
				77E8F9531D74364600B2A7C7 /* HKScratchImageDemo */,
				77E8F96C1D74364600B2A7C7 /* HKScratchImageDemoTests */,
			);
		};
/* End PBXProject section */

/* Begin PBXResourcesBuildPhase section */
		77E8F9521D74364600B2A7C7 /* Resources */ = {
			isa = PBXResourcesBuildPhase;
			buildActionMask = 2147483647;
			files = (
				77E8F9671D74364600B2A7C7 /* LaunchScreen.storyboard in Resources */,
				77E8F9641D74364600B2A7C7 /* Assets.xcassets in Resources */,
				77E8F9621D74364600B2A7C7 /* Main.storyboard in Resources */,
			);
			runOnlyForDeploymentPostprocessing = 0;
		};
		77E8F96B1D74364600B2A7C7 /* Resources */ = {
			isa = PBXResourcesBuildPhase;
			buildActionMask = 2147483647;
			files = (
			);
			runOnlyForDeploymentPostprocessing = 0;
		};
/* End PBXResourcesBuildPhase section */

/* Begin PBXSourcesBuildPhase section */
		77E8F9501D74364600B2A7C7 /* Sources */ = {
			isa = PBXSourcesBuildPhase;
			buildActionMask = 2147483647;
			files = (
				777F170C1D84571100E8DE73 /* ViewController.m in Sources */,
				77E8F95C1D74364600B2A7C7 /* AppDelegate.m in Sources */,
				77E8F9591D74364600B2A7C7 /* main.m in Sources */,
				777F170A1D84571100E8DE73 /* HKScratchView.m in Sources */,
				777F170B1D84571100E8DE73 /* ShowImageViewController.m in Sources */,
			);
			runOnlyForDeploymentPostprocessing = 0;
		};
		77E8F9691D74364600B2A7C7 /* Sources */ = {
			isa = PBXSourcesBuildPhase;
			buildActionMask = 2147483647;
			files = (
				77E8F9721D74364600B2A7C7 /* HKScratchImageDemoTests.m in Sources */,
			);
			runOnlyForDeploymentPostprocessing = 0;
		};
/* End PBXSourcesBuildPhase section */

/* Begin PBXTargetDependency section */
		77E8F96F1D74364600B2A7C7 /* PBXTargetDependency */ = {
			isa = PBXTargetDependency;
			target = 77E8F9531D74364600B2A7C7 /* HKScratchImageDemo */;
			targetProxy = 77E8F96E1D74364600B2A7C7 /* PBXContainerItemProxy */;
		};
/* End PBXTargetDependency section */

/* Begin PBXVariantGroup section */
		77E8F9601D74364600B2A7C7 /* Main.storyboard */ = {
			isa = PBXVariantGroup;
			children = (
				77E8F9611D74364600B2A7C7 /* Base */,
			);
			name = Main.storyboard;
			sourceTree = "<group>";
		};
		77E8F9651D74364600B2A7C7 /* LaunchScreen.storyboard */ = {
			isa = PBXVariantGroup;
			children = (
				77E8F9661D74364600B2A7C7 /* Base */,
			);
			name = LaunchScreen.storyboard;
			sourceTree = "<group>";
		};
/* End PBXVariantGroup section */

/* Begin XCBuildConfiguration section */
		77E8F9741D74364600B2A7C7 /* Debug */ = {
			isa = XCBuildConfiguration;
			buildSettings = {
				ALWAYS_SEARCH_USER_PATHS = NO;
				CLANG_ANALYZER_NONNULL = YES;
				CLANG_CXX_LANGUAGE_STANDARD = "gnu++0x";
				CLANG_CXX_LIBRARY = "libc++";
				CLANG_ENABLE_MODULES = YES;
				CLANG_ENABLE_OBJC_ARC = YES;
				CLANG_WARN_BOOL_CONVERSION = YES;
				CLANG_WARN_CONSTANT_CONVERSION = YES;
				CLANG_WARN_DIRECT_OBJC_ISA_USAGE = YES_ERROR;
				CLANG_WARN_EMPTY_BODY = YES;
				CLANG_WARN_ENUM_CONVERSION = YES;
				CLANG_WARN_INT_CONVERSION = YES;
				CLANG_WARN_OBJC_ROOT_CLASS = YES_ERROR;
				CLANG_WARN_UNREACHABLE_CODE = YES;
				CLANG_WARN__DUPLICATE_METHOD_MATCH = YES;
				"CODE_SIGN_IDENTITY[sdk=iphoneos*]" = "iPhone Developer";
				COPY_PHASE_STRIP = NO;
				DEBUG_INFORMATION_FORMAT = dwarf;
				ENABLE_STRICT_OBJC_MSGSEND = YES;
				ENABLE_TESTABILITY = YES;
				GCC_C_LANGUAGE_STANDARD = gnu99;
				GCC_DYNAMIC_NO_PIC = NO;
				GCC_NO_COMMON_BLOCKS = YES;
				GCC_OPTIMIZATION_LEVEL = 0;
				GCC_PREPROCESSOR_DEFINITIONS = (
					"DEBUG=1",
					"$(inherited)",
				);
				GCC_WARN_64_TO_32_BIT_CONVERSION = YES;
				GCC_WARN_ABOUT_RETURN_TYPE = YES_ERROR;
				GCC_WARN_UNDECLARED_SELECTOR = YES;
				GCC_WARN_UNINITIALIZED_AUTOS = YES_AGGRESSIVE;
				GCC_WARN_UNUSED_FUNCTION = YES;
				GCC_WARN_UNUSED_VARIABLE = YES;
				IPHONEOS_DEPLOYMENT_TARGET = 9.3;
				MTL_ENABLE_DEBUG_INFO = YES;
				ONLY_ACTIVE_ARCH = YES;
				SDKROOT = iphoneos;
			};
			name = Debug;
		};
		77E8F9751D74364600B2A7C7 /* Release */ = {
			isa = XCBuildConfiguration;
			buildSettings = {
				ALWAYS_SEARCH_USER_PATHS = NO;
				CLANG_ANALYZER_NONNULL = YES;
				CLANG_CXX_LANGUAGE_STANDARD = "gnu++0x";
				CLANG_CXX_LIBRARY = "libc++";
				CLANG_ENABLE_MODULES = YES;
				CLANG_ENABLE_OBJC_ARC = YES;
				CLANG_WARN_BOOL_CONVERSION = YES;
				CLANG_WARN_CONSTANT_CONVERSION = YES;
				CLANG_WARN_DIRECT_OBJC_ISA_USAGE = YES_ERROR;
				CLANG_WARN_EMPTY_BODY = YES;
				CLANG_WARN_ENUM_CONVERSION = YES;
				CLANG_WARN_INT_CONVERSION = YES;
				CLANG_WARN_OBJC_ROOT_CLASS = YES_ERROR;
				CLANG_WARN_UNREACHABLE_CODE = YES;
				CLANG_WARN__DUPLICATE_METHOD_MATCH = YES;
				"CODE_SIGN_IDENTITY[sdk=iphoneos*]" = "iPhone Developer";
				COPY_PHASE_STRIP = NO;
				DEBUG_INFORMATION_FORMAT = "dwarf-with-dsym";
				ENABLE_NS_ASSERTIONS = NO;
				ENABLE_STRICT_OBJC_MSGSEND = YES;
				GCC_C_LANGUAGE_STANDARD = gnu99;
				GCC_NO_COMMON_BLOCKS = YES;
				GCC_WARN_64_TO_32_BIT_CONVERSION = YES;
				GCC_WARN_ABOUT_RETURN_TYPE = YES_ERROR;
				GCC_WARN_UNDECLARED_SELECTOR = YES;
				GCC_WARN_UNINITIALIZED_AUTOS = YES_AGGRESSIVE;
				GCC_WARN_UNUSED_FUNCTION = YES;
				GCC_WARN_UNUSED_VARIABLE = YES;
				IPHONEOS_DEPLOYMENT_TARGET = 9.3;
				MTL_ENABLE_DEBUG_INFO = NO;
				SDKROOT = iphoneos;
				VALIDATE_PRODUCT = YES;
			};
			name = Release;
		};
		77E8F9771D74364600B2A7C7 /* Debug */ = {
			isa = XCBuildConfiguration;
			buildSettings = {
				ASSETCATALOG_COMPILER_APPICON_NAME = AppIcon;
				INFOPLIST_FILE = HKScratchImageDemo/Info.plist;
				IPHONEOS_DEPLOYMENT_TARGET = 7.1;
				LD_RUNPATH_SEARCH_PATHS = "$(inherited) @executable_path/Frameworks";
				PRODUCT_BUNDLE_IDENTIFIER = com.experiment.HKScratchImageDemo;
				PRODUCT_NAME = "$(TARGET_NAME)";
			};
			name = Debug;
		};
		77E8F9781D74364600B2A7C7 /* Release */ = {
			isa = XCBuildConfiguration;
			buildSettings = {
				ASSETCATALOG_COMPILER_APPICON_NAME = AppIcon;
				INFOPLIST_FILE = HKScratchImageDemo/Info.plist;
				IPHONEOS_DEPLOYMENT_TARGET = 7.1;
				LD_RUNPATH_SEARCH_PATHS = "$(inherited) @executable_path/Frameworks";
				PRODUCT_BUNDLE_IDENTIFIER = com.experiment.HKScratchImageDemo;
				PRODUCT_NAME = "$(TARGET_NAME)";
			};
			name = Release;
		};
		77E8F97A1D74364600B2A7C7 /* Debug */ = {
			isa = XCBuildConfiguration;
			buildSettings = {
				BUNDLE_LOADER = "$(TEST_HOST)";
				INFOPLIST_FILE = HKScratchImageDemoTests/Info.plist;
				LD_RUNPATH_SEARCH_PATHS = "$(inherited) @executable_path/Frameworks @loader_path/Frameworks";
				PRODUCT_BUNDLE_IDENTIFIER = com.experiment.HKScratchImageDemoTests;
				PRODUCT_NAME = "$(TARGET_NAME)";
				TEST_HOST = "$(BUILT_PRODUCTS_DIR)/HKScratchImageDemo.app/HKScratchImageDemo";
			};
			name = Debug;
		};
		77E8F97B1D74364600B2A7C7 /* Release */ = {
			isa = XCBuildConfiguration;
			buildSettings = {
				BUNDLE_LOADER = "$(TEST_HOST)";
				INFOPLIST_FILE = HKScratchImageDemoTests/Info.plist;
				LD_RUNPATH_SEARCH_PATHS = "$(inherited) @executable_path/Frameworks @loader_path/Frameworks";
				PRODUCT_BUNDLE_IDENTIFIER = com.experiment.HKScratchImageDemoTests;
				PRODUCT_NAME = "$(TARGET_NAME)";
				TEST_HOST = "$(BUILT_PRODUCTS_DIR)/HKScratchImageDemo.app/HKScratchImageDemo";
			};
			name = Release;
		};
/* End XCBuildConfiguration section */

/* Begin XCConfigurationList section */
		77E8F94F1D74364600B2A7C7 /* Build configuration list for PBXProject "HKScratchImageDemo" */ = {
			isa = XCConfigurationList;
			buildConfigurations = (
				77E8F9741D74364600B2A7C7 /* Debug */,
				77E8F9751D74364600B2A7C7 /* Release */,
			);
			defaultConfigurationIsVisible = 0;
			defaultConfigurationName = Release;
		};
		77E8F9761D74364600B2A7C7 /* Build configuration list for PBXNativeTarget "HKScratchImageDemo" */ = {
			isa = XCConfigurationList;
			buildConfigurations = (
				77E8F9771D74364600B2A7C7 /* Debug */,
				77E8F9781D74364600B2A7C7 /* Release */,
			);
			defaultConfigurationIsVisible = 0;
			defaultConfigurationName = Release;
		};
		77E8F9791D74364600B2A7C7 /* Build configuration list for PBXNativeTarget "HKScratchImageDemoTests" */ = {
			isa = XCConfigurationList;
			buildConfigurations = (
				77E8F97A1D74364600B2A7C7 /* Debug */,
				77E8F97B1D74364600B2A7C7 /* Release */,
			);
			defaultConfigurationIsVisible = 0;
			defaultConfigurationName = Release;
		};
/* End XCConfigurationList section */
	};
	rootObject = 77E8F94C1D74364600B2A7C7 /* Project object */;
}
